// !$*UTF8*$!
{
	archiveVersion = 1;
	classes = {
	};
	objectVersion = 50;
	objects = {

/* Begin PBXBuildFile section */
		970884B520A4CAFA005323DB /* Game.storyboard in Resources */ = {isa = PBXBuildFile; fileRef = 970884B420A4CAFA005323DB /* Game.storyboard */; };
		970884B720A4CB39005323DB /* GameViewController.swift in Sources */ = {isa = PBXBuildFile; fileRef = 970884B620A4CB39005323DB /* GameViewController.swift */; };
		970884B920A4DBA4005323DB /* SceneKit.framework in Frameworks */ = {isa = PBXBuildFile; fileRef = 970884B820A4DBA4005323DB /* SceneKit.framework */; };
		970884BA20A4DBAB005323DB /* SceneKit.framework in Frameworks */ = {isa = PBXBuildFile; fileRef = 970884B820A4DBA4005323DB /* SceneKit.framework */; };
		970884E120A6ED34005323DB /* GameScene.sks in Resources */ = {isa = PBXBuildFile; fileRef = 970884E020A6ED34005323DB /* GameScene.sks */; };
		970884E720A6F581005323DB /* GameScene.swift in Sources */ = {isa = PBXBuildFile; fileRef = 970884E620A6F581005323DB /* GameScene.swift */; };
		970884E820A6F581005323DB /* GameScene.swift in Sources */ = {isa = PBXBuildFile; fileRef = 970884E620A6F581005323DB /* GameScene.swift */; };
		9708850C20A709B1005323DB /* bundeva_ix.jpg in Resources */ = {isa = PBXBuildFile; fileRef = 9708850420A709B1005323DB /* bundeva_ix.jpg */; };
		9708850D20A709B1005323DB /* bundeva_ix.jpg in Resources */ = {isa = PBXBuildFile; fileRef = 9708850420A709B1005323DB /* bundeva_ix.jpg */; };
		9708850E20A709B1005323DB /* bundeva_dama.jpg in Resources */ = {isa = PBXBuildFile; fileRef = 9708850520A709B1005323DB /* bundeva_dama.jpg */; };
		9708850F20A709B1005323DB /* bundeva_dama.jpg in Resources */ = {isa = PBXBuildFile; fileRef = 9708850520A709B1005323DB /* bundeva_dama.jpg */; };
		9708851020A709B1005323DB /* bundeva_vii.jpg in Resources */ = {isa = PBXBuildFile; fileRef = 9708850620A709B1005323DB /* bundeva_vii.jpg */; };
		9708851120A709B1005323DB /* bundeva_vii.jpg in Resources */ = {isa = PBXBuildFile; fileRef = 9708850620A709B1005323DB /* bundeva_vii.jpg */; };
		9708851220A709B1005323DB /* bundeva_kralj.jpg in Resources */ = {isa = PBXBuildFile; fileRef = 9708850720A709B1005323DB /* bundeva_kralj.jpg */; };
		9708851320A709B1005323DB /* bundeva_kralj.jpg in Resources */ = {isa = PBXBuildFile; fileRef = 9708850720A709B1005323DB /* bundeva_kralj.jpg */; };
		9708851420A709B1005323DB /* bundeva_dečko.jpg in Resources */ = {isa = PBXBuildFile; fileRef = 9708850820A709B1005323DB /* bundeva_dečko.jpg */; };
		9708851520A709B1005323DB /* bundeva_dečko.jpg in Resources */ = {isa = PBXBuildFile; fileRef = 9708850820A709B1005323DB /* bundeva_dečko.jpg */; };
		9708851620A709B1005323DB /* bundeva_kec.jpg in Resources */ = {isa = PBXBuildFile; fileRef = 9708850920A709B1005323DB /* bundeva_kec.jpg */; };
		9708851720A709B1005323DB /* bundeva_kec.jpg in Resources */ = {isa = PBXBuildFile; fileRef = 9708850920A709B1005323DB /* bundeva_kec.jpg */; };
		9708851820A709B1005323DB /* bundeva_viii.jpg in Resources */ = {isa = PBXBuildFile; fileRef = 9708850A20A709B1005323DB /* bundeva_viii.jpg */; };
		9708851920A709B1005323DB /* bundeva_viii.jpg in Resources */ = {isa = PBXBuildFile; fileRef = 9708850A20A709B1005323DB /* bundeva_viii.jpg */; };
		9708851A20A709B1005323DB /* bundeva_x.jpg in Resources */ = {isa = PBXBuildFile; fileRef = 9708850B20A709B1005323DB /* bundeva_x.jpg */; };
		9708851B20A709B1005323DB /* bundeva_x.jpg in Resources */ = {isa = PBXBuildFile; fileRef = 9708850B20A709B1005323DB /* bundeva_x.jpg */; };
		9708852420A709BC005323DB /* list_x.jpg in Resources */ = {isa = PBXBuildFile; fileRef = 9708851C20A709BB005323DB /* list_x.jpg */; };
		9708852520A709BC005323DB /* list_x.jpg in Resources */ = {isa = PBXBuildFile; fileRef = 9708851C20A709BB005323DB /* list_x.jpg */; };
		9708852620A709BC005323DB /* list_kec.jpg in Resources */ = {isa = PBXBuildFile; fileRef = 9708851D20A709BB005323DB /* list_kec.jpg */; };
		9708852720A709BC005323DB /* list_kec.jpg in Resources */ = {isa = PBXBuildFile; fileRef = 9708851D20A709BB005323DB /* list_kec.jpg */; };
		9708852820A709BC005323DB /* list_kralj.jpg in Resources */ = {isa = PBXBuildFile; fileRef = 9708851E20A709BB005323DB /* list_kralj.jpg */; };
		9708852920A709BC005323DB /* list_kralj.jpg in Resources */ = {isa = PBXBuildFile; fileRef = 9708851E20A709BB005323DB /* list_kralj.jpg */; };
		9708852A20A709BC005323DB /* list_viii.jpg in Resources */ = {isa = PBXBuildFile; fileRef = 9708851F20A709BB005323DB /* list_viii.jpg */; };
		9708852B20A709BC005323DB /* list_viii.jpg in Resources */ = {isa = PBXBuildFile; fileRef = 9708851F20A709BB005323DB /* list_viii.jpg */; };
		9708852C20A709BC005323DB /* list_dečko.jpg in Resources */ = {isa = PBXBuildFile; fileRef = 9708852020A709BB005323DB /* list_dečko.jpg */; };
		9708852D20A709BC005323DB /* list_dečko.jpg in Resources */ = {isa = PBXBuildFile; fileRef = 9708852020A709BB005323DB /* list_dečko.jpg */; };
		9708852E20A709BC005323DB /* list_vii.jpg in Resources */ = {isa = PBXBuildFile; fileRef = 9708852120A709BC005323DB /* list_vii.jpg */; };
		9708852F20A709BC005323DB /* list_vii.jpg in Resources */ = {isa = PBXBuildFile; fileRef = 9708852120A709BC005323DB /* list_vii.jpg */; };
		9708853020A709BC005323DB /* list_dama.jpg in Resources */ = {isa = PBXBuildFile; fileRef = 9708852220A709BC005323DB /* list_dama.jpg */; };
		9708853120A709BC005323DB /* list_dama.jpg in Resources */ = {isa = PBXBuildFile; fileRef = 9708852220A709BC005323DB /* list_dama.jpg */; };
		9708853220A709BC005323DB /* list_ix.jpg in Resources */ = {isa = PBXBuildFile; fileRef = 9708852320A709BC005323DB /* list_ix.jpg */; };
		9708853320A709BC005323DB /* list_ix.jpg in Resources */ = {isa = PBXBuildFile; fileRef = 9708852320A709BC005323DB /* list_ix.jpg */; };
		9708853C20A709C6005323DB /* srce_viii.jpg in Resources */ = {isa = PBXBuildFile; fileRef = 9708853420A709C5005323DB /* srce_viii.jpg */; };
		9708853D20A709C6005323DB /* srce_viii.jpg in Resources */ = {isa = PBXBuildFile; fileRef = 9708853420A709C5005323DB /* srce_viii.jpg */; };
		9708853E20A709C6005323DB /* srce_x.jpg in Resources */ = {isa = PBXBuildFile; fileRef = 9708853520A709C5005323DB /* srce_x.jpg */; };
		9708853F20A709C6005323DB /* srce_x.jpg in Resources */ = {isa = PBXBuildFile; fileRef = 9708853520A709C5005323DB /* srce_x.jpg */; };
		9708854020A709C6005323DB /* srce_ix.jpg in Resources */ = {isa = PBXBuildFile; fileRef = 9708853620A709C5005323DB /* srce_ix.jpg */; };
		9708854120A709C6005323DB /* srce_ix.jpg in Resources */ = {isa = PBXBuildFile; fileRef = 9708853620A709C5005323DB /* srce_ix.jpg */; };
		9708854220A709C6005323DB /* srce_kec.jpg in Resources */ = {isa = PBXBuildFile; fileRef = 9708853720A709C5005323DB /* srce_kec.jpg */; };
		9708854320A709C6005323DB /* srce_kec.jpg in Resources */ = {isa = PBXBuildFile; fileRef = 9708853720A709C5005323DB /* srce_kec.jpg */; };
		9708854420A709C6005323DB /* srce_kralj.jpg in Resources */ = {isa = PBXBuildFile; fileRef = 9708853820A709C5005323DB /* srce_kralj.jpg */; };
		9708854520A709C6005323DB /* srce_kralj.jpg in Resources */ = {isa = PBXBuildFile; fileRef = 9708853820A709C5005323DB /* srce_kralj.jpg */; };
		9708854620A709C6005323DB /* srce_vii.jpg in Resources */ = {isa = PBXBuildFile; fileRef = 9708853920A709C5005323DB /* srce_vii.jpg */; };
		9708854720A709C6005323DB /* srce_vii.jpg in Resources */ = {isa = PBXBuildFile; fileRef = 9708853920A709C5005323DB /* srce_vii.jpg */; };
		9708854820A709C6005323DB /* srce_dečko.jpg in Resources */ = {isa = PBXBuildFile; fileRef = 9708853A20A709C5005323DB /* srce_dečko.jpg */; };
		9708854920A709C6005323DB /* srce_dečko.jpg in Resources */ = {isa = PBXBuildFile; fileRef = 9708853A20A709C5005323DB /* srce_dečko.jpg */; };
		9708854A20A709C6005323DB /* srce_dama.jpg in Resources */ = {isa = PBXBuildFile; fileRef = 9708853B20A709C6005323DB /* srce_dama.jpg */; };
		9708854B20A709C6005323DB /* srce_dama.jpg in Resources */ = {isa = PBXBuildFile; fileRef = 9708853B20A709C6005323DB /* srce_dama.jpg */; };
		9708855420A709CF005323DB /* žir_dama.jpg in Resources */ = {isa = PBXBuildFile; fileRef = 9708854C20A709CE005323DB /* žir_dama.jpg */; };
		9708855520A709CF005323DB /* žir_dama.jpg in Resources */ = {isa = PBXBuildFile; fileRef = 9708854C20A709CE005323DB /* žir_dama.jpg */; };
		9708855620A709CF005323DB /* žir_kralj.jpg in Resources */ = {isa = PBXBuildFile; fileRef = 9708854D20A709CE005323DB /* žir_kralj.jpg */; };
		9708855720A709CF005323DB /* žir_kralj.jpg in Resources */ = {isa = PBXBuildFile; fileRef = 9708854D20A709CE005323DB /* žir_kralj.jpg */; };
		9708855820A709CF005323DB /* žir_vii.jpg in Resources */ = {isa = PBXBuildFile; fileRef = 9708854E20A709CE005323DB /* žir_vii.jpg */; };
		9708855920A709CF005323DB /* žir_vii.jpg in Resources */ = {isa = PBXBuildFile; fileRef = 9708854E20A709CE005323DB /* žir_vii.jpg */; };
		9708855A20A709CF005323DB /* žir_viii.jpg in Resources */ = {isa = PBXBuildFile; fileRef = 9708854F20A709CF005323DB /* žir_viii.jpg */; };
		9708855B20A709CF005323DB /* žir_viii.jpg in Resources */ = {isa = PBXBuildFile; fileRef = 9708854F20A709CF005323DB /* žir_viii.jpg */; };
		9708855C20A709CF005323DB /* žir_x.jpg in Resources */ = {isa = PBXBuildFile; fileRef = 9708855020A709CF005323DB /* žir_x.jpg */; };
		9708855D20A709CF005323DB /* žir_x.jpg in Resources */ = {isa = PBXBuildFile; fileRef = 9708855020A709CF005323DB /* žir_x.jpg */; };
		9708855E20A709CF005323DB /* žir_ix.jpg in Resources */ = {isa = PBXBuildFile; fileRef = 9708855120A709CF005323DB /* žir_ix.jpg */; };
		9708855F20A709CF005323DB /* žir_ix.jpg in Resources */ = {isa = PBXBuildFile; fileRef = 9708855120A709CF005323DB /* žir_ix.jpg */; };
		9708856020A709CF005323DB /* žir_dečko.jpg in Resources */ = {isa = PBXBuildFile; fileRef = 9708855220A709CF005323DB /* žir_dečko.jpg */; };
		9708856120A709CF005323DB /* žir_dečko.jpg in Resources */ = {isa = PBXBuildFile; fileRef = 9708855220A709CF005323DB /* žir_dečko.jpg */; };
		9708856220A709CF005323DB /* žir_kec.jpg in Resources */ = {isa = PBXBuildFile; fileRef = 9708855320A709CF005323DB /* žir_kec.jpg */; };
		9708856320A709CF005323DB /* žir_kec.jpg in Resources */ = {isa = PBXBuildFile; fileRef = 9708855320A709CF005323DB /* žir_kec.jpg */; };
		9708856520A70A4F005323DB /* Card.swift in Sources */ = {isa = PBXBuildFile; fileRef = 9708856420A70A4F005323DB /* Card.swift */; };
		9708856620A70A4F005323DB /* Card.swift in Sources */ = {isa = PBXBuildFile; fileRef = 9708856420A70A4F005323DB /* Card.swift */; };
		971E11EF209E5A3300198DE5 /* AppDelegate.swift in Sources */ = {isa = PBXBuildFile; fileRef = 971E11EE209E5A3300198DE5 /* AppDelegate.swift */; };
		971E11F1209E5A3300198DE5 /* MainViewController.swift in Sources */ = {isa = PBXBuildFile; fileRef = 971E11F0209E5A3300198DE5 /* MainViewController.swift */; };
		971E11F4209E5A3300198DE5 /* Main.storyboard in Resources */ = {isa = PBXBuildFile; fileRef = 971E11F2209E5A3300198DE5 /* Main.storyboard */; };
		971E11F6209E5A3400198DE5 /* Assets.xcassets in Resources */ = {isa = PBXBuildFile; fileRef = 971E11F5209E5A3400198DE5 /* Assets.xcassets */; };
		971E11F9209E5A3400198DE5 /* LaunchScreen.storyboard in Resources */ = {isa = PBXBuildFile; fileRef = 971E11F7209E5A3400198DE5 /* LaunchScreen.storyboard */; };
		971E1201209E622000198DE5 /* GoogleService-Info.plist in Resources */ = {isa = PBXBuildFile; fileRef = 971E1200209E622000198DE5 /* GoogleService-Info.plist */; };
		971E1206209EFFBF00198DE5 /* MenuViewController.swift in Sources */ = {isa = PBXBuildFile; fileRef = 971E1205209EFFBF00198DE5 /* MenuViewController.swift */; };
		971E1208209F139200198DE5 /* Room.storyboard in Resources */ = {isa = PBXBuildFile; fileRef = 971E1207209F139200198DE5 /* Room.storyboard */; };
		971E120A209F13D100198DE5 /* RoomViewController.swift in Sources */ = {isa = PBXBuildFile; fileRef = 971E1209209F13D100198DE5 /* RoomViewController.swift */; };
		971E120D209F196300198DE5 /* WsApi.swift in Sources */ = {isa = PBXBuildFile; fileRef = 971E120C209F196300198DE5 /* WsApi.swift */; };
		971E1210209F1B8900198DE5 /* PlayerStat.swift in Sources */ = {isa = PBXBuildFile; fileRef = 971E120F209F1B8900198DE5 /* PlayerStat.swift */; };
		971E1212209F1C9000198DE5 /* Helper.swift in Sources */ = {isa = PBXBuildFile; fileRef = 971E1211209F1C9000198DE5 /* Helper.swift */; };
		971E1216209F1E4800198DE5 /* up@2x.png in Resources */ = {isa = PBXBuildFile; fileRef = 971E1214209F1E4700198DE5 /* up@2x.png */; };
		971E1217209F1E4800198DE5 /* up.png in Resources */ = {isa = PBXBuildFile; fileRef = 971E1215209F1E4800198DE5 /* up.png */; };
		971E1219209F1F6300198DE5 /* Leaderboard.storyboard in Resources */ = {isa = PBXBuildFile; fileRef = 971E1218209F1F6300198DE5 /* Leaderboard.storyboard */; };
		971E121B209F1F7900198DE5 /* Rules.storyboard in Resources */ = {isa = PBXBuildFile; fileRef = 971E121A209F1F7900198DE5 /* Rules.storyboard */; };
		971E121D209F328000198DE5 /* MessageFunc.swift in Sources */ = {isa = PBXBuildFile; fileRef = 971E121C209F328000198DE5 /* MessageFunc.swift */; };
		971E121F209F3C2F00198DE5 /* StatItem.swift in Sources */ = {isa = PBXBuildFile; fileRef = 971E121E209F3C2F00198DE5 /* StatItem.swift */; };
		971E1222209F3D1600198DE5 /* DateExt.swift in Sources */ = {isa = PBXBuildFile; fileRef = 971E1221209F3D1600198DE5 /* DateExt.swift */; };
		971E122B20A1D0D000198DE5 /* PlayerInfo.swift in Sources */ = {isa = PBXBuildFile; fileRef = 971E122A20A1D0D000198DE5 /* PlayerInfo.swift */; };
		971E122D20A1D23400198DE5 /* TableInfo.swift in Sources */ = {isa = PBXBuildFile; fileRef = 971E122C20A1D23400198DE5 /* TableInfo.swift */; };
		971E122F20A1D3A800198DE5 /* MatchInfo.swift in Sources */ = {isa = PBXBuildFile; fileRef = 971E122E20A1D3A800198DE5 /* MatchInfo.swift */; };
		971E123120A1D3CE00198DE5 /* MatchResult.swift in Sources */ = {isa = PBXBuildFile; fileRef = 971E123020A1D3CE00198DE5 /* MatchResult.swift */; };
		971E123320A1D4E900198DE5 /* Room.swift in Sources */ = {isa = PBXBuildFile; fileRef = 971E123220A1D4E900198DE5 /* Room.swift */; };
		971E123520A2171300198DE5 /* CreateGameViewController.swift in Sources */ = {isa = PBXBuildFile; fileRef = 971E123420A2171300198DE5 /* CreateGameViewController.swift */; };
		971E123920A2248300198DE5 /* Localizable.strings in Resources */ = {isa = PBXBuildFile; fileRef = 971E123B20A2248300198DE5 /* Localizable.strings */; };
		971E123E20A2D2E500198DE5 /* Prefs.swift in Sources */ = {isa = PBXBuildFile; fileRef = 971E123D20A2D2E500198DE5 /* Prefs.swift */; };
		971E124020A2D41000198DE5 /* UIViewControllerExt.swift in Sources */ = {isa = PBXBuildFile; fileRef = 971E123F20A2D41000198DE5 /* UIViewControllerExt.swift */; };
		971E124220A2D60B00198DE5 /* Constants.swift in Sources */ = {isa = PBXBuildFile; fileRef = 971E124120A2D60B00198DE5 /* Constants.swift */; };
		971E124620A303BD00198DE5 /* MatchInfo.swift in Sources */ = {isa = PBXBuildFile; fileRef = 971E122E20A1D3A800198DE5 /* MatchInfo.swift */; };
		971E124720A303BD00198DE5 /* Constants.swift in Sources */ = {isa = PBXBuildFile; fileRef = 971E124120A2D60B00198DE5 /* Constants.swift */; };
		971E124820A303BD00198DE5 /* WsApi.swift in Sources */ = {isa = PBXBuildFile; fileRef = 971E120C209F196300198DE5 /* WsApi.swift */; };
		971E124920A303BD00198DE5 /* UIViewControllerExt.swift in Sources */ = {isa = PBXBuildFile; fileRef = 971E123F20A2D41000198DE5 /* UIViewControllerExt.swift */; };
		971E124A20A303BD00198DE5 /* PlayerInfo.swift in Sources */ = {isa = PBXBuildFile; fileRef = 971E122A20A1D0D000198DE5 /* PlayerInfo.swift */; };
		971E124B20A303BD00198DE5 /* Helper.swift in Sources */ = {isa = PBXBuildFile; fileRef = 971E1211209F1C9000198DE5 /* Helper.swift */; };
		971E124C20A303BD00198DE5 /* MatchResult.swift in Sources */ = {isa = PBXBuildFile; fileRef = 971E123020A1D3CE00198DE5 /* MatchResult.swift */; };
		971E124D20A303BD00198DE5 /* MainViewController.swift in Sources */ = {isa = PBXBuildFile; fileRef = 971E11F0209E5A3300198DE5 /* MainViewController.swift */; };
		971E124E20A303BD00198DE5 /* CreateGameViewController.swift in Sources */ = {isa = PBXBuildFile; fileRef = 971E123420A2171300198DE5 /* CreateGameViewController.swift */; };
		971E124F20A303BD00198DE5 /* PlayerStat.swift in Sources */ = {isa = PBXBuildFile; fileRef = 971E120F209F1B8900198DE5 /* PlayerStat.swift */; };
		971E125020A303BD00198DE5 /* MenuViewController.swift in Sources */ = {isa = PBXBuildFile; fileRef = 971E1205209EFFBF00198DE5 /* MenuViewController.swift */; };
		971E125120A303BD00198DE5 /* MessageFunc.swift in Sources */ = {isa = PBXBuildFile; fileRef = 971E121C209F328000198DE5 /* MessageFunc.swift */; };
		971E125220A303BD00198DE5 /* AppDelegate.swift in Sources */ = {isa = PBXBuildFile; fileRef = 971E11EE209E5A3300198DE5 /* AppDelegate.swift */; };
		971E125320A303BD00198DE5 /* Prefs.swift in Sources */ = {isa = PBXBuildFile; fileRef = 971E123D20A2D2E500198DE5 /* Prefs.swift */; };
		971E125420A303BD00198DE5 /* DateExt.swift in Sources */ = {isa = PBXBuildFile; fileRef = 971E1221209F3D1600198DE5 /* DateExt.swift */; };
		971E125520A303BD00198DE5 /* StatItem.swift in Sources */ = {isa = PBXBuildFile; fileRef = 971E121E209F3C2F00198DE5 /* StatItem.swift */; };
		971E125620A303BD00198DE5 /* TableInfo.swift in Sources */ = {isa = PBXBuildFile; fileRef = 971E122C20A1D23400198DE5 /* TableInfo.swift */; };
		971E125720A303BD00198DE5 /* RoomViewController.swift in Sources */ = {isa = PBXBuildFile; fileRef = 971E1209209F13D100198DE5 /* RoomViewController.swift */; };
		971E125820A303BD00198DE5 /* Room.swift in Sources */ = {isa = PBXBuildFile; fileRef = 971E123220A1D4E900198DE5 /* Room.swift */; };
		971E125A20A303BD00198DE5 /* Pods_bela.framework in Frameworks */ = {isa = PBXBuildFile; fileRef = AF3594C2438D728B8DC593CF /* Pods_bela.framework */; };
		971E125C20A303BD00198DE5 /* up.png in Resources */ = {isa = PBXBuildFile; fileRef = 971E1215209F1E4800198DE5 /* up.png */; };
		971E125F20A303BD00198DE5 /* GoogleService-Info.plist in Resources */ = {isa = PBXBuildFile; fileRef = 971E1200209E622000198DE5 /* GoogleService-Info.plist */; };
		971E126020A303BD00198DE5 /* up@2x.png in Resources */ = {isa = PBXBuildFile; fileRef = 971E1214209F1E4700198DE5 /* up@2x.png */; };
		971E126120A303BD00198DE5 /* Localizable.strings in Resources */ = {isa = PBXBuildFile; fileRef = 971E123B20A2248300198DE5 /* Localizable.strings */; };
		971E126220A303BD00198DE5 /* Rules.storyboard in Resources */ = {isa = PBXBuildFile; fileRef = 971E121A209F1F7900198DE5 /* Rules.storyboard */; };
		971E126320A303BD00198DE5 /* Leaderboard.storyboard in Resources */ = {isa = PBXBuildFile; fileRef = 971E1218209F1F6300198DE5 /* Leaderboard.storyboard */; };
		971E126420A303BD00198DE5 /* Assets.xcassets in Resources */ = {isa = PBXBuildFile; fileRef = 971E11F5209E5A3400198DE5 /* Assets.xcassets */; };
		971E127020A32E6400198DE5 /* MatchCell.swift in Sources */ = {isa = PBXBuildFile; fileRef = 971E126E20A32E6400198DE5 /* MatchCell.swift */; };
		971E127120A32E6400198DE5 /* MatchCell.xib in Resources */ = {isa = PBXBuildFile; fileRef = 971E126F20A32E6400198DE5 /* MatchCell.xib */; };
		C851BFE7D184D685ACB3294A /* Pods_bela.framework in Frameworks */ = {isa = PBXBuildFile; fileRef = AF3594C2438D728B8DC593CF /* Pods_bela.framework */; };
/* End PBXBuildFile section */

/* Begin PBXFileReference section */
		93A3F16595814A68B2181BAC /* Pods-bela.debug.xcconfig */ = {isa = PBXFileReference; includeInIndex = 1; lastKnownFileType = text.xcconfig; name = "Pods-bela.debug.xcconfig"; path = "Pods/Target Support Files/Pods-bela/Pods-bela.debug.xcconfig"; sourceTree = "<group>"; };
		970884B420A4CAFA005323DB /* Game.storyboard */ = {isa = PBXFileReference; lastKnownFileType = file.storyboard; path = Game.storyboard; sourceTree = "<group>"; };
		970884B620A4CB39005323DB /* GameViewController.swift */ = {isa = PBXFileReference; lastKnownFileType = sourcecode.swift; path = GameViewController.swift; sourceTree = "<group>"; };
		970884B820A4DBA4005323DB /* SceneKit.framework */ = {isa = PBXFileReference; lastKnownFileType = wrapper.framework; name = SceneKit.framework; path = System/Library/Frameworks/SceneKit.framework; sourceTree = SDKROOT; };
		970884E020A6ED34005323DB /* GameScene.sks */ = {isa = PBXFileReference; lastKnownFileType = file.sks; path = GameScene.sks; sourceTree = "<group>"; };
		970884E620A6F581005323DB /* GameScene.swift */ = {isa = PBXFileReference; lastKnownFileType = sourcecode.swift; path = GameScene.swift; sourceTree = "<group>"; };
		9708850420A709B1005323DB /* bundeva_ix.jpg */ = {isa = PBXFileReference; lastKnownFileType = image.jpeg; name = bundeva_ix.jpg; path = 2002/bundeva_ix.jpg; sourceTree = "<group>"; };
		9708850520A709B1005323DB /* bundeva_dama.jpg */ = {isa = PBXFileReference; lastKnownFileType = image.jpeg; name = bundeva_dama.jpg; path = 2002/bundeva_dama.jpg; sourceTree = "<group>"; };
		9708850620A709B1005323DB /* bundeva_vii.jpg */ = {isa = PBXFileReference; lastKnownFileType = image.jpeg; name = bundeva_vii.jpg; path = 2002/bundeva_vii.jpg; sourceTree = "<group>"; };
		9708850720A709B1005323DB /* bundeva_kralj.jpg */ = {isa = PBXFileReference; lastKnownFileType = image.jpeg; name = bundeva_kralj.jpg; path = 2002/bundeva_kralj.jpg; sourceTree = "<group>"; };
		9708850820A709B1005323DB /* bundeva_dečko.jpg */ = {isa = PBXFileReference; lastKnownFileType = image.jpeg; name = "bundeva_dečko.jpg"; path = "2002/bundeva_dečko.jpg"; sourceTree = "<group>"; };
		9708850920A709B1005323DB /* bundeva_kec.jpg */ = {isa = PBXFileReference; lastKnownFileType = image.jpeg; name = bundeva_kec.jpg; path = 2002/bundeva_kec.jpg; sourceTree = "<group>"; };
		9708850A20A709B1005323DB /* bundeva_viii.jpg */ = {isa = PBXFileReference; lastKnownFileType = image.jpeg; name = bundeva_viii.jpg; path = 2002/bundeva_viii.jpg; sourceTree = "<group>"; };
		9708850B20A709B1005323DB /* bundeva_x.jpg */ = {isa = PBXFileReference; lastKnownFileType = image.jpeg; name = bundeva_x.jpg; path = 2002/bundeva_x.jpg; sourceTree = "<group>"; };
		9708851C20A709BB005323DB /* list_x.jpg */ = {isa = PBXFileReference; lastKnownFileType = image.jpeg; name = list_x.jpg; path = 2002/list_x.jpg; sourceTree = "<group>"; };
		9708851D20A709BB005323DB /* list_kec.jpg */ = {isa = PBXFileReference; lastKnownFileType = image.jpeg; name = list_kec.jpg; path = 2002/list_kec.jpg; sourceTree = "<group>"; };
		9708851E20A709BB005323DB /* list_kralj.jpg */ = {isa = PBXFileReference; lastKnownFileType = image.jpeg; name = list_kralj.jpg; path = 2002/list_kralj.jpg; sourceTree = "<group>"; };
		9708851F20A709BB005323DB /* list_viii.jpg */ = {isa = PBXFileReference; lastKnownFileType = image.jpeg; name = list_viii.jpg; path = 2002/list_viii.jpg; sourceTree = "<group>"; };
		9708852020A709BB005323DB /* list_dečko.jpg */ = {isa = PBXFileReference; lastKnownFileType = image.jpeg; name = "list_dečko.jpg"; path = "2002/list_dečko.jpg"; sourceTree = "<group>"; };
		9708852120A709BC005323DB /* list_vii.jpg */ = {isa = PBXFileReference; lastKnownFileType = image.jpeg; name = list_vii.jpg; path = 2002/list_vii.jpg; sourceTree = "<group>"; };
		9708852220A709BC005323DB /* list_dama.jpg */ = {isa = PBXFileReference; lastKnownFileType = image.jpeg; name = list_dama.jpg; path = 2002/list_dama.jpg; sourceTree = "<group>"; };
		9708852320A709BC005323DB /* list_ix.jpg */ = {isa = PBXFileReference; lastKnownFileType = image.jpeg; name = list_ix.jpg; path = 2002/list_ix.jpg; sourceTree = "<group>"; };
		9708853420A709C5005323DB /* srce_viii.jpg */ = {isa = PBXFileReference; lastKnownFileType = image.jpeg; name = srce_viii.jpg; path = 2002/srce_viii.jpg; sourceTree = "<group>"; };
		9708853520A709C5005323DB /* srce_x.jpg */ = {isa = PBXFileReference; lastKnownFileType = image.jpeg; name = srce_x.jpg; path = 2002/srce_x.jpg; sourceTree = "<group>"; };
		9708853620A709C5005323DB /* srce_ix.jpg */ = {isa = PBXFileReference; lastKnownFileType = image.jpeg; name = srce_ix.jpg; path = 2002/srce_ix.jpg; sourceTree = "<group>"; };
		9708853720A709C5005323DB /* srce_kec.jpg */ = {isa = PBXFileReference; lastKnownFileType = image.jpeg; name = srce_kec.jpg; path = 2002/srce_kec.jpg; sourceTree = "<group>"; };
		9708853820A709C5005323DB /* srce_kralj.jpg */ = {isa = PBXFileReference; lastKnownFileType = image.jpeg; name = srce_kralj.jpg; path = 2002/srce_kralj.jpg; sourceTree = "<group>"; };
		9708853920A709C5005323DB /* srce_vii.jpg */ = {isa = PBXFileReference; lastKnownFileType = image.jpeg; name = srce_vii.jpg; path = 2002/srce_vii.jpg; sourceTree = "<group>"; };
		9708853A20A709C5005323DB /* srce_dečko.jpg */ = {isa = PBXFileReference; lastKnownFileType = image.jpeg; name = "srce_dečko.jpg"; path = "2002/srce_dečko.jpg"; sourceTree = "<group>"; };
		9708853B20A709C6005323DB /* srce_dama.jpg */ = {isa = PBXFileReference; lastKnownFileType = image.jpeg; name = srce_dama.jpg; path = 2002/srce_dama.jpg; sourceTree = "<group>"; };
		9708854C20A709CE005323DB /* žir_dama.jpg */ = {isa = PBXFileReference; lastKnownFileType = image.jpeg; name = "žir_dama.jpg"; path = "2002/žir_dama.jpg"; sourceTree = "<group>"; };
		9708854D20A709CE005323DB /* žir_kralj.jpg */ = {isa = PBXFileReference; lastKnownFileType = image.jpeg; name = "žir_kralj.jpg"; path = "2002/žir_kralj.jpg"; sourceTree = "<group>"; };
		9708854E20A709CE005323DB /* žir_vii.jpg */ = {isa = PBXFileReference; lastKnownFileType = image.jpeg; name = "žir_vii.jpg"; path = "2002/žir_vii.jpg"; sourceTree = "<group>"; };
		9708854F20A709CF005323DB /* žir_viii.jpg */ = {isa = PBXFileReference; lastKnownFileType = image.jpeg; name = "žir_viii.jpg"; path = "2002/žir_viii.jpg"; sourceTree = "<group>"; };
		9708855020A709CF005323DB /* žir_x.jpg */ = {isa = PBXFileReference; lastKnownFileType = image.jpeg; name = "žir_x.jpg"; path = "2002/žir_x.jpg"; sourceTree = "<group>"; };
		9708855120A709CF005323DB /* žir_ix.jpg */ = {isa = PBXFileReference; lastKnownFileType = image.jpeg; name = "žir_ix.jpg"; path = "2002/žir_ix.jpg"; sourceTree = "<group>"; };
		9708855220A709CF005323DB /* žir_dečko.jpg */ = {isa = PBXFileReference; lastKnownFileType = image.jpeg; name = "žir_dečko.jpg"; path = "2002/žir_dečko.jpg"; sourceTree = "<group>"; };
		9708855320A709CF005323DB /* žir_kec.jpg */ = {isa = PBXFileReference; lastKnownFileType = image.jpeg; name = "žir_kec.jpg"; path = "2002/žir_kec.jpg"; sourceTree = "<group>"; };
		9708856420A70A4F005323DB /* Card.swift */ = {isa = PBXFileReference; lastKnownFileType = sourcecode.swift; path = Card.swift; sourceTree = "<group>"; };
		971E11EB209E5A3300198DE5 /* bela.app */ = {isa = PBXFileReference; explicitFileType = wrapper.application; includeInIndex = 0; path = bela.app; sourceTree = BUILT_PRODUCTS_DIR; };
		971E11EE209E5A3300198DE5 /* AppDelegate.swift */ = {isa = PBXFileReference; lastKnownFileType = sourcecode.swift; path = AppDelegate.swift; sourceTree = "<group>"; };
		971E11F0209E5A3300198DE5 /* MainViewController.swift */ = {isa = PBXFileReference; lastKnownFileType = sourcecode.swift; path = MainViewController.swift; sourceTree = "<group>"; };
		971E11F3209E5A3300198DE5 /* Base */ = {isa = PBXFileReference; lastKnownFileType = file.storyboard; name = Base; path = Base.lproj/Main.storyboard; sourceTree = "<group>"; };
		971E11F5209E5A3400198DE5 /* Assets.xcassets */ = {isa = PBXFileReference; lastKnownFileType = folder.assetcatalog; path = Assets.xcassets; sourceTree = "<group>"; };
		971E11F8209E5A3400198DE5 /* Base */ = {isa = PBXFileReference; lastKnownFileType = file.storyboard; name = Base; path = Base.lproj/LaunchScreen.storyboard; sourceTree = "<group>"; };
		971E11FA209E5A3400198DE5 /* Info.plist */ = {isa = PBXFileReference; lastKnownFileType = text.plist.xml; path = Info.plist; sourceTree = "<group>"; };
		971E1200209E622000198DE5 /* GoogleService-Info.plist */ = {isa = PBXFileReference; fileEncoding = 4; lastKnownFileType = text.plist.xml; path = "GoogleService-Info.plist"; sourceTree = SOURCE_ROOT; };
		971E1205209EFFBF00198DE5 /* MenuViewController.swift */ = {isa = PBXFileReference; lastKnownFileType = sourcecode.swift; path = MenuViewController.swift; sourceTree = "<group>"; };
		971E1207209F139200198DE5 /* Room.storyboard */ = {isa = PBXFileReference; lastKnownFileType = file.storyboard; path = Room.storyboard; sourceTree = "<group>"; };
		971E1209209F13D100198DE5 /* RoomViewController.swift */ = {isa = PBXFileReference; lastKnownFileType = sourcecode.swift; path = RoomViewController.swift; sourceTree = "<group>"; };
		971E120C209F196300198DE5 /* WsApi.swift */ = {isa = PBXFileReference; lastKnownFileType = sourcecode.swift; path = WsApi.swift; sourceTree = "<group>"; };
		971E120F209F1B8900198DE5 /* PlayerStat.swift */ = {isa = PBXFileReference; lastKnownFileType = sourcecode.swift; path = PlayerStat.swift; sourceTree = "<group>"; };
		971E1211209F1C9000198DE5 /* Helper.swift */ = {isa = PBXFileReference; lastKnownFileType = sourcecode.swift; path = Helper.swift; sourceTree = "<group>"; };
		971E1214209F1E4700198DE5 /* up@2x.png */ = {isa = PBXFileReference; lastKnownFileType = image.png; name = "up@2x.png"; path = "karte/Resources/up@2x.png"; sourceTree = SOURCE_ROOT; };
		971E1215209F1E4800198DE5 /* up.png */ = {isa = PBXFileReference; lastKnownFileType = image.png; name = up.png; path = karte/Resources/up.png; sourceTree = SOURCE_ROOT; };
		971E1218209F1F6300198DE5 /* Leaderboard.storyboard */ = {isa = PBXFileReference; lastKnownFileType = file.storyboard; path = Leaderboard.storyboard; sourceTree = "<group>"; };
		971E121A209F1F7900198DE5 /* Rules.storyboard */ = {isa = PBXFileReference; lastKnownFileType = file.storyboard; path = Rules.storyboard; sourceTree = "<group>"; };
		971E121C209F328000198DE5 /* MessageFunc.swift */ = {isa = PBXFileReference; lastKnownFileType = sourcecode.swift; path = MessageFunc.swift; sourceTree = "<group>"; };
		971E121E209F3C2F00198DE5 /* StatItem.swift */ = {isa = PBXFileReference; lastKnownFileType = sourcecode.swift; path = StatItem.swift; sourceTree = "<group>"; };
		971E1221209F3D1600198DE5 /* DateExt.swift */ = {isa = PBXFileReference; lastKnownFileType = sourcecode.swift; path = DateExt.swift; sourceTree = "<group>"; };
		971E122A20A1D0D000198DE5 /* PlayerInfo.swift */ = {isa = PBXFileReference; lastKnownFileType = sourcecode.swift; path = PlayerInfo.swift; sourceTree = "<group>"; };
		971E122C20A1D23400198DE5 /* TableInfo.swift */ = {isa = PBXFileReference; lastKnownFileType = sourcecode.swift; path = TableInfo.swift; sourceTree = "<group>"; };
		971E122E20A1D3A800198DE5 /* MatchInfo.swift */ = {isa = PBXFileReference; lastKnownFileType = sourcecode.swift; path = MatchInfo.swift; sourceTree = "<group>"; };
		971E123020A1D3CE00198DE5 /* MatchResult.swift */ = {isa = PBXFileReference; lastKnownFileType = sourcecode.swift; path = MatchResult.swift; sourceTree = "<group>"; };
		971E123220A1D4E900198DE5 /* Room.swift */ = {isa = PBXFileReference; lastKnownFileType = sourcecode.swift; path = Room.swift; sourceTree = "<group>"; };
		971E123420A2171300198DE5 /* CreateGameViewController.swift */ = {isa = PBXFileReference; lastKnownFileType = sourcecode.swift; path = CreateGameViewController.swift; sourceTree = "<group>"; };
		971E123A20A2248300198DE5 /* en */ = {isa = PBXFileReference; lastKnownFileType = text.plist.strings; name = en; path = en.lproj/Localizable.strings; sourceTree = "<group>"; };
		971E123C20A2254C00198DE5 /* hr */ = {isa = PBXFileReference; lastKnownFileType = text.plist.strings; name = hr; path = hr.lproj/Localizable.strings; sourceTree = "<group>"; };
		971E123D20A2D2E500198DE5 /* Prefs.swift */ = {isa = PBXFileReference; lastKnownFileType = sourcecode.swift; path = Prefs.swift; sourceTree = "<group>"; };
		971E123F20A2D41000198DE5 /* UIViewControllerExt.swift */ = {isa = PBXFileReference; lastKnownFileType = sourcecode.swift; path = UIViewControllerExt.swift; sourceTree = "<group>"; };
		971E124120A2D60B00198DE5 /* Constants.swift */ = {isa = PBXFileReference; lastKnownFileType = sourcecode.swift; path = Constants.swift; sourceTree = "<group>"; };
		971E126B20A303BD00198DE5 /* lora.app */ = {isa = PBXFileReference; explicitFileType = wrapper.application; includeInIndex = 0; path = lora.app; sourceTree = BUILT_PRODUCTS_DIR; };
		971E126C20A303BE00198DE5 /* lora-Info.plist */ = {isa = PBXFileReference; lastKnownFileType = text.plist.xml; name = "lora-Info.plist"; path = "/Users/prcela/work/bela/lora-Info.plist"; sourceTree = "<absolute>"; };
		971E126E20A32E6400198DE5 /* MatchCell.swift */ = {isa = PBXFileReference; lastKnownFileType = sourcecode.swift; path = MatchCell.swift; sourceTree = "<group>"; };
		971E126F20A32E6400198DE5 /* MatchCell.xib */ = {isa = PBXFileReference; lastKnownFileType = file.xib; path = MatchCell.xib; sourceTree = "<group>"; };
		AF3594C2438D728B8DC593CF /* Pods_bela.framework */ = {isa = PBXFileReference; explicitFileType = wrapper.framework; includeInIndex = 0; path = Pods_bela.framework; sourceTree = BUILT_PRODUCTS_DIR; };
		CA48B637D789F3DD88878746 /* Pods-bela.release.xcconfig */ = {isa = PBXFileReference; includeInIndex = 1; lastKnownFileType = text.xcconfig; name = "Pods-bela.release.xcconfig"; path = "Pods/Target Support Files/Pods-bela/Pods-bela.release.xcconfig"; sourceTree = "<group>"; };
/* End PBXFileReference section */

/* Begin PBXFrameworksBuildPhase section */
		971E11E8209E5A3300198DE5 /* Frameworks */ = {
			isa = PBXFrameworksBuildPhase;
			buildActionMask = 2147483647;
			files = (
				970884B920A4DBA4005323DB /* SceneKit.framework in Frameworks */,
				C851BFE7D184D685ACB3294A /* Pods_bela.framework in Frameworks */,
			);
			runOnlyForDeploymentPostprocessing = 0;
		};
		971E125920A303BD00198DE5 /* Frameworks */ = {
			isa = PBXFrameworksBuildPhase;
			buildActionMask = 2147483647;
			files = (
				970884BA20A4DBAB005323DB /* SceneKit.framework in Frameworks */,
				971E125A20A303BD00198DE5 /* Pods_bela.framework in Frameworks */,
			);
			runOnlyForDeploymentPostprocessing = 0;
		};
/* End PBXFrameworksBuildPhase section */

/* Begin PBXGroup section */
		3C6CD1E6D2B9C76A6654E768 /* Frameworks */ = {
			isa = PBXGroup;
			children = (
				970884B820A4DBA4005323DB /* SceneKit.framework */,
				AF3594C2438D728B8DC593CF /* Pods_bela.framework */,
			);
			name = Frameworks;
			sourceTree = "<group>";
		};
		970884DF20A6ECE4005323DB /* Scene */ = {
			isa = PBXGroup;
			children = (
				970884E020A6ED34005323DB /* GameScene.sks */,
				970884E620A6F581005323DB /* GameScene.swift */,
			);
			path = Scene;
			sourceTree = "<group>";
		};
		970884E220A6F3BC005323DB /* 2002 */ = {
			isa = PBXGroup;
			children = (
				9708854C20A709CE005323DB /* žir_dama.jpg */,
				9708855220A709CF005323DB /* žir_dečko.jpg */,
				9708855120A709CF005323DB /* žir_ix.jpg */,
				9708855320A709CF005323DB /* žir_kec.jpg */,
				9708854D20A709CE005323DB /* žir_kralj.jpg */,
				9708854E20A709CE005323DB /* žir_vii.jpg */,
				9708854F20A709CF005323DB /* žir_viii.jpg */,
				9708855020A709CF005323DB /* žir_x.jpg */,
				9708853B20A709C6005323DB /* srce_dama.jpg */,
				9708853A20A709C5005323DB /* srce_dečko.jpg */,
				9708853620A709C5005323DB /* srce_ix.jpg */,
				9708853720A709C5005323DB /* srce_kec.jpg */,
				9708853820A709C5005323DB /* srce_kralj.jpg */,
				9708853920A709C5005323DB /* srce_vii.jpg */,
				9708853420A709C5005323DB /* srce_viii.jpg */,
				9708853520A709C5005323DB /* srce_x.jpg */,
				9708852220A709BC005323DB /* list_dama.jpg */,
				9708852020A709BB005323DB /* list_dečko.jpg */,
				9708852320A709BC005323DB /* list_ix.jpg */,
				9708851D20A709BB005323DB /* list_kec.jpg */,
				9708851E20A709BB005323DB /* list_kralj.jpg */,
				9708852120A709BC005323DB /* list_vii.jpg */,
				9708851F20A709BB005323DB /* list_viii.jpg */,
				9708851C20A709BB005323DB /* list_x.jpg */,
				9708850520A709B1005323DB /* bundeva_dama.jpg */,
				9708850820A709B1005323DB /* bundeva_dečko.jpg */,
				9708850420A709B1005323DB /* bundeva_ix.jpg */,
				9708850920A709B1005323DB /* bundeva_kec.jpg */,
				9708850720A709B1005323DB /* bundeva_kralj.jpg */,
				9708850620A709B1005323DB /* bundeva_vii.jpg */,
				9708850A20A709B1005323DB /* bundeva_viii.jpg */,
				9708850B20A709B1005323DB /* bundeva_x.jpg */,
			);
			name = 2002;
			sourceTree = "<group>";
		};
		971E11E2209E5A3300198DE5 = {
			isa = PBXGroup;
			children = (
				971E1220209F3D0500198DE5 /* Extensions */,
				971E11ED209E5A3300198DE5 /* karte */,
				971E11EC209E5A3300198DE5 /* Products */,
				BC8F0312B6BF83A4A70BE262 /* Pods */,
				3C6CD1E6D2B9C76A6654E768 /* Frameworks */,
				971E126C20A303BE00198DE5 /* lora-Info.plist */,
			);
			sourceTree = "<group>";
		};
		971E11EC209E5A3300198DE5 /* Products */ = {
			isa = PBXGroup;
			children = (
				971E11EB209E5A3300198DE5 /* bela.app */,
				971E126B20A303BD00198DE5 /* lora.app */,
			);
			name = Products;
			sourceTree = "<group>";
		};
		971E11ED209E5A3300198DE5 /* karte */ = {
			isa = PBXGroup;
			children = (
				971E11EE209E5A3300198DE5 /* AppDelegate.swift */,
				970884DF20A6ECE4005323DB /* Scene */,
				971E126D20A32DFE00198DE5 /* Views */,
				971E123620A2243F00198DE5 /* Locale */,
				971E1204209EFF8700198DE5 /* Storyboards */,
				971E1203209EFF6D00198DE5 /* ViewControllers */,
				971E120E209F1B4200198DE5 /* Model */,
				971E120B209F194500198DE5 /* Services */,
				971E1213209F1E2A00198DE5 /* Resources */,
				971E11F5209E5A3400198DE5 /* Assets.xcassets */,
				971E11FA209E5A3400198DE5 /* Info.plist */,
				971E1200209E622000198DE5 /* GoogleService-Info.plist */,
				971E1211209F1C9000198DE5 /* Helper.swift */,
			);
			path = karte;
			sourceTree = "<group>";
		};
		971E1203209EFF6D00198DE5 /* ViewControllers */ = {
			isa = PBXGroup;
			children = (
				971E11F0209E5A3300198DE5 /* MainViewController.swift */,
				971E1205209EFFBF00198DE5 /* MenuViewController.swift */,
				971E1209209F13D100198DE5 /* RoomViewController.swift */,
				971E123420A2171300198DE5 /* CreateGameViewController.swift */,
				971E123F20A2D41000198DE5 /* UIViewControllerExt.swift */,
				970884B620A4CB39005323DB /* GameViewController.swift */,
			);
			path = ViewControllers;
			sourceTree = "<group>";
		};
		971E1204209EFF8700198DE5 /* Storyboards */ = {
			isa = PBXGroup;
			children = (
				971E11F7209E5A3400198DE5 /* LaunchScreen.storyboard */,
				971E11F2209E5A3300198DE5 /* Main.storyboard */,
				971E1207209F139200198DE5 /* Room.storyboard */,
				971E1218209F1F6300198DE5 /* Leaderboard.storyboard */,
				971E121A209F1F7900198DE5 /* Rules.storyboard */,
				970884B420A4CAFA005323DB /* Game.storyboard */,
			);
			path = Storyboards;
			sourceTree = "<group>";
		};
		971E120B209F194500198DE5 /* Services */ = {
			isa = PBXGroup;
			children = (
				971E120C209F196300198DE5 /* WsApi.swift */,
			);
			path = Services;
			sourceTree = "<group>";
		};
		971E120E209F1B4200198DE5 /* Model */ = {
			isa = PBXGroup;
			children = (
				971E120F209F1B8900198DE5 /* PlayerStat.swift */,
				971E121C209F328000198DE5 /* MessageFunc.swift */,
				971E121E209F3C2F00198DE5 /* StatItem.swift */,
				971E122A20A1D0D000198DE5 /* PlayerInfo.swift */,
				971E122C20A1D23400198DE5 /* TableInfo.swift */,
				971E122E20A1D3A800198DE5 /* MatchInfo.swift */,
				971E123020A1D3CE00198DE5 /* MatchResult.swift */,
				971E123220A1D4E900198DE5 /* Room.swift */,
				971E123D20A2D2E500198DE5 /* Prefs.swift */,
				971E124120A2D60B00198DE5 /* Constants.swift */,
				9708856420A70A4F005323DB /* Card.swift */,
			);
			path = Model;
			sourceTree = "<group>";
		};
		971E1213209F1E2A00198DE5 /* Resources */ = {
			isa = PBXGroup;
			children = (
				970884E220A6F3BC005323DB /* 2002 */,
				971E1215209F1E4800198DE5 /* up.png */,
				971E1214209F1E4700198DE5 /* up@2x.png */,
			);
			path = Resources;
			sourceTree = "<group>";
		};
		971E1220209F3D0500198DE5 /* Extensions */ = {
			isa = PBXGroup;
			children = (
				971E1221209F3D1600198DE5 /* DateExt.swift */,
			);
			path = Extensions;
			sourceTree = "<group>";
		};
		971E123620A2243F00198DE5 /* Locale */ = {
			isa = PBXGroup;
			children = (
				971E123B20A2248300198DE5 /* Localizable.strings */,
			);
			path = Locale;
			sourceTree = "<group>";
		};
		971E126D20A32DFE00198DE5 /* Views */ = {
			isa = PBXGroup;
			children = (
				971E126E20A32E6400198DE5 /* MatchCell.swift */,
				971E126F20A32E6400198DE5 /* MatchCell.xib */,
			);
			path = Views;
			sourceTree = "<group>";
		};
		BC8F0312B6BF83A4A70BE262 /* Pods */ = {
			isa = PBXGroup;
			children = (
				93A3F16595814A68B2181BAC /* Pods-bela.debug.xcconfig */,
				CA48B637D789F3DD88878746 /* Pods-bela.release.xcconfig */,
			);
			name = Pods;
			sourceTree = "<group>";
		};
/* End PBXGroup section */

/* Begin PBXNativeTarget section */
		971E11EA209E5A3300198DE5 /* bela */ = {
			isa = PBXNativeTarget;
			buildConfigurationList = 971E11FD209E5A3400198DE5 /* Build configuration list for PBXNativeTarget "bela" */;
			buildPhases = (
				869D4AE879510BE758C625A8 /* [CP] Check Pods Manifest.lock */,
				971E11E7209E5A3300198DE5 /* Sources */,
				971E11E8209E5A3300198DE5 /* Frameworks */,
				971E11E9209E5A3300198DE5 /* Resources */,
				5EA193E026E958E03B4F58A1 /* [CP] Embed Pods Frameworks */,
				971E1202209E630400198DE5 /* ShellScript */,
			);
			buildRules = (
			);
			dependencies = (
			);
			name = bela;
			productName = bela;
			productReference = 971E11EB209E5A3300198DE5 /* bela.app */;
			productType = "com.apple.product-type.application";
		};
		971E124320A303BD00198DE5 /* lora */ = {
			isa = PBXNativeTarget;
			buildConfigurationList = 971E126820A303BD00198DE5 /* Build configuration list for PBXNativeTarget "lora" */;
			buildPhases = (
				971E124420A303BD00198DE5 /* [CP] Check Pods Manifest.lock */,
				971E124520A303BD00198DE5 /* Sources */,
				971E125920A303BD00198DE5 /* Frameworks */,
				971E125B20A303BD00198DE5 /* Resources */,
				971E126620A303BD00198DE5 /* [CP] Embed Pods Frameworks */,
				971E126720A303BD00198DE5 /* ShellScript */,
			);
			buildRules = (
			);
			dependencies = (
			);
			name = lora;
			productName = bela;
			productReference = 971E126B20A303BD00198DE5 /* lora.app */;
			productType = "com.apple.product-type.application";
		};
/* End PBXNativeTarget section */

/* Begin PBXProject section */
		971E11E3209E5A3300198DE5 /* Project object */ = {
			isa = PBXProject;
			attributes = {
				LastSwiftUpdateCheck = 0930;
				LastUpgradeCheck = 0930;
				ORGANIZATIONNAME = prcela;
				TargetAttributes = {
					971E11EA209E5A3300198DE5 = {
						CreatedOnToolsVersion = 9.3;
					};
				};
			};
			buildConfigurationList = 971E11E6209E5A3300198DE5 /* Build configuration list for PBXProject "karte" */;
			compatibilityVersion = "Xcode 9.3";
			developmentRegion = en;
			hasScannedForEncodings = 0;
			knownRegions = (
				en,
				Base,
				hr,
			);
			mainGroup = 971E11E2209E5A3300198DE5;
			productRefGroup = 971E11EC209E5A3300198DE5 /* Products */;
			projectDirPath = "";
			projectRoot = "";
			targets = (
				971E11EA209E5A3300198DE5 /* bela */,
				971E124320A303BD00198DE5 /* lora */,
			);
		};
/* End PBXProject section */

/* Begin PBXResourcesBuildPhase section */
		971E11E9209E5A3300198DE5 /* Resources */ = {
			isa = PBXResourcesBuildPhase;
			buildActionMask = 2147483647;
			files = (
				9708856020A709CF005323DB /* žir_dečko.jpg in Resources */,
				9708852620A709BC005323DB /* list_kec.jpg in Resources */,
				9708855620A709CF005323DB /* žir_kralj.jpg in Resources */,
				970884B520A4CAFA005323DB /* Game.storyboard in Resources */,
				971E1217209F1E4800198DE5 /* up.png in Resources */,
				9708854A20A709C6005323DB /* srce_dama.jpg in Resources */,
				9708852A20A709BC005323DB /* list_viii.jpg in Resources */,
				971E1208209F139200198DE5 /* Room.storyboard in Resources */,
				9708854220A709C6005323DB /* srce_kec.jpg in Resources */,
				9708851220A709B1005323DB /* bundeva_kralj.jpg in Resources */,
				971E11F9209E5A3400198DE5 /* LaunchScreen.storyboard in Resources */,
				9708854020A709C6005323DB /* srce_ix.jpg in Resources */,
				9708855820A709CF005323DB /* žir_vii.jpg in Resources */,
				9708854420A709C6005323DB /* srce_kralj.jpg in Resources */,
				9708851A20A709B1005323DB /* bundeva_x.jpg in Resources */,
				9708855E20A709CF005323DB /* žir_ix.jpg in Resources */,
				971E1201209E622000198DE5 /* GoogleService-Info.plist in Resources */,
				9708854820A709C6005323DB /* srce_dečko.jpg in Resources */,
				971E127120A32E6400198DE5 /* MatchCell.xib in Resources */,
				9708855420A709CF005323DB /* žir_dama.jpg in Resources */,
				9708850E20A709B1005323DB /* bundeva_dama.jpg in Resources */,
				9708855C20A709CF005323DB /* žir_x.jpg in Resources */,
				9708852E20A709BC005323DB /* list_vii.jpg in Resources */,
				9708851820A709B1005323DB /* bundeva_viii.jpg in Resources */,
				971E1216209F1E4800198DE5 /* up@2x.png in Resources */,
				9708852C20A709BC005323DB /* list_dečko.jpg in Resources */,
				9708852820A709BC005323DB /* list_kralj.jpg in Resources */,
				9708851420A709B1005323DB /* bundeva_dečko.jpg in Resources */,
				9708853C20A709C6005323DB /* srce_viii.jpg in Resources */,
				971E123920A2248300198DE5 /* Localizable.strings in Resources */,
				9708850C20A709B1005323DB /* bundeva_ix.jpg in Resources */,
				9708856220A709CF005323DB /* žir_kec.jpg in Resources */,
				9708854620A709C6005323DB /* srce_vii.jpg in Resources */,
				9708855A20A709CF005323DB /* žir_viii.jpg in Resources */,
				9708851020A709B1005323DB /* bundeva_vii.jpg in Resources */,
				9708851620A709B1005323DB /* bundeva_kec.jpg in Resources */,
				9708852420A709BC005323DB /* list_x.jpg in Resources */,
				971E121B209F1F7900198DE5 /* Rules.storyboard in Resources */,
				971E1219209F1F6300198DE5 /* Leaderboard.storyboard in Resources */,
				971E11F6209E5A3400198DE5 /* Assets.xcassets in Resources */,
				970884E120A6ED34005323DB /* GameScene.sks in Resources */,
				9708853020A709BC005323DB /* list_dama.jpg in Resources */,
				9708853220A709BC005323DB /* list_ix.jpg in Resources */,
				971E11F4209E5A3300198DE5 /* Main.storyboard in Resources */,
				9708853E20A709C6005323DB /* srce_x.jpg in Resources */,
			);
			runOnlyForDeploymentPostprocessing = 0;
		};
		971E125B20A303BD00198DE5 /* Resources */ = {
			isa = PBXResourcesBuildPhase;
			buildActionMask = 2147483647;
			files = (
				9708852B20A709BC005323DB /* list_viii.jpg in Resources */,
				9708855D20A709CF005323DB /* žir_x.jpg in Resources */,
				9708851320A709B1005323DB /* bundeva_kralj.jpg in Resources */,
				9708853320A709BC005323DB /* list_ix.jpg in Resources */,
				9708850F20A709B1005323DB /* bundeva_dama.jpg in Resources */,
				9708851720A709B1005323DB /* bundeva_kec.jpg in Resources */,
				971E125C20A303BD00198DE5 /* up.png in Resources */,
				9708851520A709B1005323DB /* bundeva_dečko.jpg in Resources */,
				971E125F20A303BD00198DE5 /* GoogleService-Info.plist in Resources */,
				9708854320A709C6005323DB /* srce_kec.jpg in Resources */,
				9708855920A709CF005323DB /* žir_vii.jpg in Resources */,
				9708851920A709B1005323DB /* bundeva_viii.jpg in Resources */,
				9708854120A709C6005323DB /* srce_ix.jpg in Resources */,
				9708855F20A709CF005323DB /* žir_ix.jpg in Resources */,
				9708850D20A709B1005323DB /* bundeva_ix.jpg in Resources */,
				9708851B20A709B1005323DB /* bundeva_x.jpg in Resources */,
				9708854720A709C6005323DB /* srce_vii.jpg in Resources */,
				9708854520A709C6005323DB /* srce_kralj.jpg in Resources */,
				9708855520A709CF005323DB /* žir_dama.jpg in Resources */,
				9708851120A709B1005323DB /* bundeva_vii.jpg in Resources */,
				9708854B20A709C6005323DB /* srce_dama.jpg in Resources */,
				971E126020A303BD00198DE5 /* up@2x.png in Resources */,
				971E126120A303BD00198DE5 /* Localizable.strings in Resources */,
				9708854920A709C6005323DB /* srce_dečko.jpg in Resources */,
				9708852920A709BC005323DB /* list_kralj.jpg in Resources */,
				9708855720A709CF005323DB /* žir_kralj.jpg in Resources */,
				9708852520A709BC005323DB /* list_x.jpg in Resources */,
				9708852D20A709BC005323DB /* list_dečko.jpg in Resources */,
				9708853D20A709C6005323DB /* srce_viii.jpg in Resources */,
				9708855B20A709CF005323DB /* žir_viii.jpg in Resources */,
				9708856120A709CF005323DB /* žir_dečko.jpg in Resources */,
				971E126220A303BD00198DE5 /* Rules.storyboard in Resources */,
				971E126320A303BD00198DE5 /* Leaderboard.storyboard in Resources */,
				971E126420A303BD00198DE5 /* Assets.xcassets in Resources */,
				9708852720A709BC005323DB /* list_kec.jpg in Resources */,
				9708853F20A709C6005323DB /* srce_x.jpg in Resources */,
				9708853120A709BC005323DB /* list_dama.jpg in Resources */,
				9708856320A709CF005323DB /* žir_kec.jpg in Resources */,
				9708852F20A709BC005323DB /* list_vii.jpg in Resources */,
			);
			runOnlyForDeploymentPostprocessing = 0;
		};
/* End PBXResourcesBuildPhase section */

/* Begin PBXShellScriptBuildPhase section */
		5EA193E026E958E03B4F58A1 /* [CP] Embed Pods Frameworks */ = {
			isa = PBXShellScriptBuildPhase;
			buildActionMask = 2147483647;
			files = (
			);
			inputPaths = (
				"${SRCROOT}/Pods/Target Support Files/Pods-bela/Pods-bela-frameworks.sh",
				"${BUILT_PRODUCTS_DIR}/GoogleToolboxForMac/GoogleToolboxForMac.framework",
				"${BUILT_PRODUCTS_DIR}/Protobuf/Protobuf.framework",
				"${BUILT_PRODUCTS_DIR}/Starscream/Starscream.framework",
				"${BUILT_PRODUCTS_DIR}/SwiftyJSON/SwiftyJSON.framework",
				"${BUILT_PRODUCTS_DIR}/SwiftyStoreKit/SwiftyStoreKit.framework",
				"${BUILT_PRODUCTS_DIR}/nanopb/nanopb.framework",
			);
			name = "[CP] Embed Pods Frameworks";
			outputPaths = (
				"${TARGET_BUILD_DIR}/${FRAMEWORKS_FOLDER_PATH}/GoogleToolboxForMac.framework",
				"${TARGET_BUILD_DIR}/${FRAMEWORKS_FOLDER_PATH}/Protobuf.framework",
				"${TARGET_BUILD_DIR}/${FRAMEWORKS_FOLDER_PATH}/Starscream.framework",
				"${TARGET_BUILD_DIR}/${FRAMEWORKS_FOLDER_PATH}/SwiftyJSON.framework",
				"${TARGET_BUILD_DIR}/${FRAMEWORKS_FOLDER_PATH}/SwiftyStoreKit.framework",
				"${TARGET_BUILD_DIR}/${FRAMEWORKS_FOLDER_PATH}/nanopb.framework",
			);
			runOnlyForDeploymentPostprocessing = 0;
			shellPath = /bin/sh;
			shellScript = "\"${SRCROOT}/Pods/Target Support Files/Pods-bela/Pods-bela-frameworks.sh\"\n";
			showEnvVarsInLog = 0;
		};
		869D4AE879510BE758C625A8 /* [CP] Check Pods Manifest.lock */ = {
			isa = PBXShellScriptBuildPhase;
			buildActionMask = 2147483647;
			files = (
			);
			inputPaths = (
				"${PODS_PODFILE_DIR_PATH}/Podfile.lock",
				"${PODS_ROOT}/Manifest.lock",
			);
			name = "[CP] Check Pods Manifest.lock";
			outputPaths = (
				"$(DERIVED_FILE_DIR)/Pods-bela-checkManifestLockResult.txt",
			);
			runOnlyForDeploymentPostprocessing = 0;
			shellPath = /bin/sh;
			shellScript = "diff \"${PODS_PODFILE_DIR_PATH}/Podfile.lock\" \"${PODS_ROOT}/Manifest.lock\" > /dev/null\nif [ $? != 0 ] ; then\n    # print error to STDERR\n    echo \"error: The sandbox is not in sync with the Podfile.lock. Run 'pod install' or update your CocoaPods installation.\" >&2\n    exit 1\nfi\n# This output is used by Xcode 'outputs' to avoid re-running this script phase.\necho \"SUCCESS\" > \"${SCRIPT_OUTPUT_FILE_0}\"\n";
			showEnvVarsInLog = 0;
		};
		971E1202209E630400198DE5 /* ShellScript */ = {
			isa = PBXShellScriptBuildPhase;
			buildActionMask = 2147483647;
			files = (
			);
			inputPaths = (
			);
			outputPaths = (
			);
			runOnlyForDeploymentPostprocessing = 0;
			shellPath = /bin/sh;
			shellScript = "\"${PODS_ROOT}/Fabric/run\" bf8485d9e6049d246f3cfcfe785d25e623b14783 986f61e60e52fb24818630ec1f9c812fe6ac2ddaccf779cfe92bea3bfe48875f";
		};
		971E124420A303BD00198DE5 /* [CP] Check Pods Manifest.lock */ = {
			isa = PBXShellScriptBuildPhase;
			buildActionMask = 2147483647;
			files = (
			);
			inputPaths = (
				"${PODS_PODFILE_DIR_PATH}/Podfile.lock",
				"${PODS_ROOT}/Manifest.lock",
			);
			name = "[CP] Check Pods Manifest.lock";
			outputPaths = (
				"$(DERIVED_FILE_DIR)/Pods-bela-checkManifestLockResult.txt",
			);
			runOnlyForDeploymentPostprocessing = 0;
			shellPath = /bin/sh;
			shellScript = "diff \"${PODS_PODFILE_DIR_PATH}/Podfile.lock\" \"${PODS_ROOT}/Manifest.lock\" > /dev/null\nif [ $? != 0 ] ; then\n    # print error to STDERR\n    echo \"error: The sandbox is not in sync with the Podfile.lock. Run 'pod install' or update your CocoaPods installation.\" >&2\n    exit 1\nfi\n# This output is used by Xcode 'outputs' to avoid re-running this script phase.\necho \"SUCCESS\" > \"${SCRIPT_OUTPUT_FILE_0}\"\n";
			showEnvVarsInLog = 0;
		};
		971E126620A303BD00198DE5 /* [CP] Embed Pods Frameworks */ = {
			isa = PBXShellScriptBuildPhase;
			buildActionMask = 2147483647;
			files = (
			);
			inputPaths = (
				"${SRCROOT}/Pods/Target Support Files/Pods-bela/Pods-bela-frameworks.sh",
				"${BUILT_PRODUCTS_DIR}/GoogleToolboxForMac/GoogleToolboxForMac.framework",
				"${BUILT_PRODUCTS_DIR}/Protobuf/Protobuf.framework",
				"${BUILT_PRODUCTS_DIR}/Starscream/Starscream.framework",
				"${BUILT_PRODUCTS_DIR}/SwiftyJSON/SwiftyJSON.framework",
				"${BUILT_PRODUCTS_DIR}/SwiftyStoreKit/SwiftyStoreKit.framework",
				"${BUILT_PRODUCTS_DIR}/nanopb/nanopb.framework",
			);
			name = "[CP] Embed Pods Frameworks";
			outputPaths = (
				"${TARGET_BUILD_DIR}/${FRAMEWORKS_FOLDER_PATH}/GoogleToolboxForMac.framework",
				"${TARGET_BUILD_DIR}/${FRAMEWORKS_FOLDER_PATH}/Protobuf.framework",
				"${TARGET_BUILD_DIR}/${FRAMEWORKS_FOLDER_PATH}/Starscream.framework",
				"${TARGET_BUILD_DIR}/${FRAMEWORKS_FOLDER_PATH}/SwiftyJSON.framework",
				"${TARGET_BUILD_DIR}/${FRAMEWORKS_FOLDER_PATH}/SwiftyStoreKit.framework",
				"${TARGET_BUILD_DIR}/${FRAMEWORKS_FOLDER_PATH}/nanopb.framework",
			);
			runOnlyForDeploymentPostprocessing = 0;
			shellPath = /bin/sh;
			shellScript = "\"${SRCROOT}/Pods/Target Support Files/Pods-bela/Pods-bela-frameworks.sh\"\n";
			showEnvVarsInLog = 0;
		};
		971E126720A303BD00198DE5 /* ShellScript */ = {
			isa = PBXShellScriptBuildPhase;
			buildActionMask = 2147483647;
			files = (
			);
			inputPaths = (
			);
			outputPaths = (
			);
			runOnlyForDeploymentPostprocessing = 0;
			shellPath = /bin/sh;
			shellScript = "\"${PODS_ROOT}/Fabric/run\" bf8485d9e6049d246f3cfcfe785d25e623b14783 986f61e60e52fb24818630ec1f9c812fe6ac2ddaccf779cfe92bea3bfe48875f";
		};
/* End PBXShellScriptBuildPhase section */

/* Begin PBXSourcesBuildPhase section */
		971E11E7209E5A3300198DE5 /* Sources */ = {
			isa = PBXSourcesBuildPhase;
			buildActionMask = 2147483647;
			files = (
				971E122F20A1D3A800198DE5 /* MatchInfo.swift in Sources */,
				971E124220A2D60B00198DE5 /* Constants.swift in Sources */,
				971E120D209F196300198DE5 /* WsApi.swift in Sources */,
				971E124020A2D41000198DE5 /* UIViewControllerExt.swift in Sources */,
				971E122B20A1D0D000198DE5 /* PlayerInfo.swift in Sources */,
				971E1212209F1C9000198DE5 /* Helper.swift in Sources */,
				971E123120A1D3CE00198DE5 /* MatchResult.swift in Sources */,
				970884B720A4CB39005323DB /* GameViewController.swift in Sources */,
				971E11F1209E5A3300198DE5 /* MainViewController.swift in Sources */,
				971E123520A2171300198DE5 /* CreateGameViewController.swift in Sources */,
				9708856520A70A4F005323DB /* Card.swift in Sources */,
				971E1210209F1B8900198DE5 /* PlayerStat.swift in Sources */,
				971E1206209EFFBF00198DE5 /* MenuViewController.swift in Sources */,
				971E121D209F328000198DE5 /* MessageFunc.swift in Sources */,
				971E11EF209E5A3300198DE5 /* AppDelegate.swift in Sources */,
				971E123E20A2D2E500198DE5 /* Prefs.swift in Sources */,
				971E1222209F3D1600198DE5 /* DateExt.swift in Sources */,
				970884E720A6F581005323DB /* GameScene.swift in Sources */,
				971E127020A32E6400198DE5 /* MatchCell.swift in Sources */,
				971E121F209F3C2F00198DE5 /* StatItem.swift in Sources */,
				971E122D20A1D23400198DE5 /* TableInfo.swift in Sources */,
				971E120A209F13D100198DE5 /* RoomViewController.swift in Sources */,
				971E123320A1D4E900198DE5 /* Room.swift in Sources */,
			);
			runOnlyForDeploymentPostprocessing = 0;
		};
		971E124520A303BD00198DE5 /* Sources */ = {
			isa = PBXSourcesBuildPhase;
			buildActionMask = 2147483647;
			files = (
				971E124620A303BD00198DE5 /* MatchInfo.swift in Sources */,
				971E124720A303BD00198DE5 /* Constants.swift in Sources */,
				971E124820A303BD00198DE5 /* WsApi.swift in Sources */,
				971E124920A303BD00198DE5 /* UIViewControllerExt.swift in Sources */,
				971E124A20A303BD00198DE5 /* PlayerInfo.swift in Sources */,
				971E124B20A303BD00198DE5 /* Helper.swift in Sources */,
				971E124C20A303BD00198DE5 /* MatchResult.swift in Sources */,
				971E124D20A303BD00198DE5 /* MainViewController.swift in Sources */,
				971E124E20A303BD00198DE5 /* CreateGameViewController.swift in Sources */,
				971E124F20A303BD00198DE5 /* PlayerStat.swift in Sources */,
				970884E820A6F581005323DB /* GameScene.swift in Sources */,
				971E125020A303BD00198DE5 /* MenuViewController.swift in Sources */,
				9708856620A70A4F005323DB /* Card.swift in Sources */,
				971E125120A303BD00198DE5 /* MessageFunc.swift in Sources */,
				971E125220A303BD00198DE5 /* AppDelegate.swift in Sources */,
				971E125320A303BD00198DE5 /* Prefs.swift in Sources */,
				971E125420A303BD00198DE5 /* DateExt.swift in Sources */,
				971E125520A303BD00198DE5 /* StatItem.swift in Sources */,
				971E125620A303BD00198DE5 /* TableInfo.swift in Sources */,
				971E125720A303BD00198DE5 /* RoomViewController.swift in Sources */,
				971E125820A303BD00198DE5 /* Room.swift in Sources */,
			);
			runOnlyForDeploymentPostprocessing = 0;
		};
/* End PBXSourcesBuildPhase section */

/* Begin PBXVariantGroup section */
		971E11F2209E5A3300198DE5 /* Main.storyboard */ = {
			isa = PBXVariantGroup;
			children = (
				971E11F3209E5A3300198DE5 /* Base */,
			);
			name = Main.storyboard;
			sourceTree = "<group>";
		};
		971E11F7209E5A3400198DE5 /* LaunchScreen.storyboard */ = {
			isa = PBXVariantGroup;
			children = (
				971E11F8209E5A3400198DE5 /* Base */,
			);
			name = LaunchScreen.storyboard;
			sourceTree = "<group>";
		};
		971E123B20A2248300198DE5 /* Localizable.strings */ = {
			isa = PBXVariantGroup;
			children = (
				971E123A20A2248300198DE5 /* en */,
				971E123C20A2254C00198DE5 /* hr */,
			);
			name = Localizable.strings;
			sourceTree = "<group>";
		};
/* End PBXVariantGroup section */

/* Begin XCBuildConfiguration section */
		971E11FB209E5A3400198DE5 /* Debug */ = {
			isa = XCBuildConfiguration;
			buildSettings = {
				ALWAYS_SEARCH_USER_PATHS = NO;
				CLANG_ANALYZER_LOCALIZABILITY_NONLOCALIZED = YES;
				CLANG_ANALYZER_NONNULL = YES;
				CLANG_ANALYZER_NUMBER_OBJECT_CONVERSION = YES_AGGRESSIVE;
				CLANG_CXX_LANGUAGE_STANDARD = "gnu++14";
				CLANG_CXX_LIBRARY = "libc++";
				CLANG_ENABLE_MODULES = YES;
				CLANG_ENABLE_OBJC_ARC = YES;
				CLANG_ENABLE_OBJC_WEAK = YES;
				CLANG_WARN_BLOCK_CAPTURE_AUTORELEASING = YES;
				CLANG_WARN_BOOL_CONVERSION = YES;
				CLANG_WARN_COMMA = YES;
				CLANG_WARN_CONSTANT_CONVERSION = YES;
				CLANG_WARN_DEPRECATED_OBJC_IMPLEMENTATIONS = YES;
				CLANG_WARN_DIRECT_OBJC_ISA_USAGE = YES_ERROR;
				CLANG_WARN_DOCUMENTATION_COMMENTS = YES;
				CLANG_WARN_EMPTY_BODY = YES;
				CLANG_WARN_ENUM_CONVERSION = YES;
				CLANG_WARN_INFINITE_RECURSION = YES;
				CLANG_WARN_INT_CONVERSION = YES;
				CLANG_WARN_NON_LITERAL_NULL_CONVERSION = YES;
				CLANG_WARN_OBJC_IMPLICIT_RETAIN_SELF = YES;
				CLANG_WARN_OBJC_LITERAL_CONVERSION = YES;
				CLANG_WARN_OBJC_ROOT_CLASS = YES_ERROR;
				CLANG_WARN_RANGE_LOOP_ANALYSIS = YES;
				CLANG_WARN_STRICT_PROTOTYPES = YES;
				CLANG_WARN_SUSPICIOUS_MOVE = YES;
				CLANG_WARN_UNGUARDED_AVAILABILITY = YES_AGGRESSIVE;
				CLANG_WARN_UNREACHABLE_CODE = YES;
				CLANG_WARN__DUPLICATE_METHOD_MATCH = YES;
				CODE_SIGN_IDENTITY = "iPhone Developer";
				COPY_PHASE_STRIP = NO;
				DEBUG_INFORMATION_FORMAT = dwarf;
				ENABLE_STRICT_OBJC_MSGSEND = YES;
				ENABLE_TESTABILITY = YES;
				GCC_C_LANGUAGE_STANDARD = gnu11;
				GCC_DYNAMIC_NO_PIC = NO;
				GCC_NO_COMMON_BLOCKS = YES;
				GCC_OPTIMIZATION_LEVEL = 0;
				GCC_PREPROCESSOR_DEFINITIONS = (
					"DEBUG=1",
					"$(inherited)",
				);
				GCC_WARN_64_TO_32_BIT_CONVERSION = YES;
				GCC_WARN_ABOUT_RETURN_TYPE = YES_ERROR;
				GCC_WARN_UNDECLARED_SELECTOR = YES;
				GCC_WARN_UNINITIALIZED_AUTOS = YES_AGGRESSIVE;
				GCC_WARN_UNUSED_FUNCTION = YES;
				GCC_WARN_UNUSED_VARIABLE = YES;
				IPHONEOS_DEPLOYMENT_TARGET = 9.0;
				MTL_ENABLE_DEBUG_INFO = YES;
				ONLY_ACTIVE_ARCH = YES;
				SDKROOT = iphoneos;
				SWIFT_ACTIVE_COMPILATION_CONDITIONS = DEBUG;
				SWIFT_OPTIMIZATION_LEVEL = "-Onone";
			};
			name = Debug;
		};
		971E11FC209E5A3400198DE5 /* Release */ = {
			isa = XCBuildConfiguration;
			buildSettings = {
				ALWAYS_SEARCH_USER_PATHS = NO;
				CLANG_ANALYZER_LOCALIZABILITY_NONLOCALIZED = YES;
				CLANG_ANALYZER_NONNULL = YES;
				CLANG_ANALYZER_NUMBER_OBJECT_CONVERSION = YES_AGGRESSIVE;
				CLANG_CXX_LANGUAGE_STANDARD = "gnu++14";
				CLANG_CXX_LIBRARY = "libc++";
				CLANG_ENABLE_MODULES = YES;
				CLANG_ENABLE_OBJC_ARC = YES;
				CLANG_ENABLE_OBJC_WEAK = YES;
				CLANG_WARN_BLOCK_CAPTURE_AUTORELEASING = YES;
				CLANG_WARN_BOOL_CONVERSION = YES;
				CLANG_WARN_COMMA = YES;
				CLANG_WARN_CONSTANT_CONVERSION = YES;
				CLANG_WARN_DEPRECATED_OBJC_IMPLEMENTATIONS = YES;
				CLANG_WARN_DIRECT_OBJC_ISA_USAGE = YES_ERROR;
				CLANG_WARN_DOCUMENTATION_COMMENTS = YES;
				CLANG_WARN_EMPTY_BODY = YES;
				CLANG_WARN_ENUM_CONVERSION = YES;
				CLANG_WARN_INFINITE_RECURSION = YES;
				CLANG_WARN_INT_CONVERSION = YES;
				CLANG_WARN_NON_LITERAL_NULL_CONVERSION = YES;
				CLANG_WARN_OBJC_IMPLICIT_RETAIN_SELF = YES;
				CLANG_WARN_OBJC_LITERAL_CONVERSION = YES;
				CLANG_WARN_OBJC_ROOT_CLASS = YES_ERROR;
				CLANG_WARN_RANGE_LOOP_ANALYSIS = YES;
				CLANG_WARN_STRICT_PROTOTYPES = YES;
				CLANG_WARN_SUSPICIOUS_MOVE = YES;
				CLANG_WARN_UNGUARDED_AVAILABILITY = YES_AGGRESSIVE;
				CLANG_WARN_UNREACHABLE_CODE = YES;
				CLANG_WARN__DUPLICATE_METHOD_MATCH = YES;
				CODE_SIGN_IDENTITY = "iPhone Developer";
				COPY_PHASE_STRIP = NO;
				DEBUG_INFORMATION_FORMAT = "dwarf-with-dsym";
				ENABLE_NS_ASSERTIONS = NO;
				ENABLE_STRICT_OBJC_MSGSEND = YES;
				GCC_C_LANGUAGE_STANDARD = gnu11;
				GCC_NO_COMMON_BLOCKS = YES;
				GCC_WARN_64_TO_32_BIT_CONVERSION = YES;
				GCC_WARN_ABOUT_RETURN_TYPE = YES_ERROR;
				GCC_WARN_UNDECLARED_SELECTOR = YES;
				GCC_WARN_UNINITIALIZED_AUTOS = YES_AGGRESSIVE;
				GCC_WARN_UNUSED_FUNCTION = YES;
				GCC_WARN_UNUSED_VARIABLE = YES;
				IPHONEOS_DEPLOYMENT_TARGET = 9.0;
				MTL_ENABLE_DEBUG_INFO = NO;
				SDKROOT = iphoneos;
				SWIFT_COMPILATION_MODE = wholemodule;
				SWIFT_OPTIMIZATION_LEVEL = "-O";
				VALIDATE_PRODUCT = YES;
			};
			name = Release;
		};
		971E11FE209E5A3400198DE5 /* Debug */ = {
			isa = XCBuildConfiguration;
			baseConfigurationReference = 93A3F16595814A68B2181BAC /* Pods-bela.debug.xcconfig */;
			buildSettings = {
				ASSETCATALOG_COMPILER_APPICON_NAME = AppIcon;
				CODE_SIGN_STYLE = Automatic;
				DEVELOPMENT_TEAM = X5F8D2MNQ7;
				INFOPLIST_FILE = "$(SRCROOT)/karte/Info.plist";
				IPHONEOS_DEPLOYMENT_TARGET = 9.0;
				LD_RUNPATH_SEARCH_PATHS = (
					"$(inherited)",
					"@executable_path/Frameworks",
				);
				PRODUCT_BUNDLE_IDENTIFIER = com.prcela.bela;
				PRODUCT_NAME = "$(TARGET_NAME)";
				SWIFT_VERSION = 4.0;
				TARGETED_DEVICE_FAMILY = 1;
			};
			name = Debug;
		};
		971E11FF209E5A3400198DE5 /* Release */ = {
			isa = XCBuildConfiguration;
			baseConfigurationReference = CA48B637D789F3DD88878746 /* Pods-bela.release.xcconfig */;
			buildSettings = {
				ASSETCATALOG_COMPILER_APPICON_NAME = AppIcon;
				CODE_SIGN_STYLE = Automatic;
				DEVELOPMENT_TEAM = X5F8D2MNQ7;
				INFOPLIST_FILE = "$(SRCROOT)/karte/Info.plist";
				IPHONEOS_DEPLOYMENT_TARGET = 9.0;
				LD_RUNPATH_SEARCH_PATHS = (
					"$(inherited)",
					"@executable_path/Frameworks",
				);
				PRODUCT_BUNDLE_IDENTIFIER = com.prcela.bela;
				PRODUCT_NAME = "$(TARGET_NAME)";
				SWIFT_VERSION = 4.0;
				TARGETED_DEVICE_FAMILY = 1;
			};
			name = Release;
		};
		971E126920A303BD00198DE5 /* Debug */ = {
			isa = XCBuildConfiguration;
			baseConfigurationReference = 93A3F16595814A68B2181BAC /* Pods-bela.debug.xcconfig */;
			buildSettings = {
				ASSETCATALOG_COMPILER_APPICON_NAME = AppIcon;
				CODE_SIGN_STYLE = Automatic;
				DEVELOPMENT_TEAM = X5F8D2MNQ7;
				INFOPLIST_FILE = "$(SRCROOT)/lora-Info.plist";
				IPHONEOS_DEPLOYMENT_TARGET = 9.0;
				LD_RUNPATH_SEARCH_PATHS = (
					"$(inherited)",
					"@executable_path/Frameworks",
				);
				PRODUCT_BUNDLE_IDENTIFIER = com.prcela.lora;
				PRODUCT_NAME = "$(TARGET_NAME)";
				SWIFT_VERSION = 4.0;
				TARGETED_DEVICE_FAMILY = 1;
			};
			name = Debug;
		};
		971E126A20A303BD00198DE5 /* Release */ = {
			isa = XCBuildConfiguration;
			baseConfigurationReference = CA48B637D789F3DD88878746 /* Pods-bela.release.xcconfig */;
			buildSettings = {
				ASSETCATALOG_COMPILER_APPICON_NAME = AppIcon;
				CODE_SIGN_STYLE = Automatic;
				DEVELOPMENT_TEAM = X5F8D2MNQ7;
				INFOPLIST_FILE = "$(SRCROOT)/lora-Info.plist";
				IPHONEOS_DEPLOYMENT_TARGET = 9.0;
				LD_RUNPATH_SEARCH_PATHS = (
					"$(inherited)",
					"@executable_path/Frameworks",
				);
				PRODUCT_BUNDLE_IDENTIFIER = com.prcela.lora;
				PRODUCT_NAME = "$(TARGET_NAME)";
				SWIFT_VERSION = 4.0;
				TARGETED_DEVICE_FAMILY = 1;
			};
			name = Release;
		};
/* End XCBuildConfiguration section */

/* Begin XCConfigurationList section */
		971E11E6209E5A3300198DE5 /* Build configuration list for PBXProject "karte" */ = {
			isa = XCConfigurationList;
			buildConfigurations = (
				971E11FB209E5A3400198DE5 /* Debug */,
				971E11FC209E5A3400198DE5 /* Release */,
			);
			defaultConfigurationIsVisible = 0;
			defaultConfigurationName = Release;
		};
		971E11FD209E5A3400198DE5 /* Build configuration list for PBXNativeTarget "bela" */ = {
			isa = XCConfigurationList;
			buildConfigurations = (
				971E11FE209E5A3400198DE5 /* Debug */,
				971E11FF209E5A3400198DE5 /* Release */,
			);
			defaultConfigurationIsVisible = 0;
			defaultConfigurationName = Release;
		};
		971E126820A303BD00198DE5 /* Build configuration list for PBXNativeTarget "lora" */ = {
			isa = XCConfigurationList;
			buildConfigurations = (
				971E126920A303BD00198DE5 /* Debug */,
				971E126A20A303BD00198DE5 /* Release */,
			);
			defaultConfigurationIsVisible = 0;
			defaultConfigurationName = Release;
		};
/* End XCConfigurationList section */
	};
	rootObject = 971E11E3209E5A3300198DE5 /* Project object */;
}
